
Microsoft Visual Studio Solution File, Format Version 12.00
# Visual Studio Version 16
VisualStudioVersion = 16.0.29009.5
MinimumVisualStudioVersion = 10.0.40219.1
Project("{FAE04EC0-301F-11D3-BF4B-00C04F79EFBC}") = "VTFileSystemManagement", "VTFileSystemManagement\VTFileSystemManagement.csproj", "{A53FA70C-D6B7-45C2-AD9E-60F64B6FB3F9}"
EndProject
Global
	GlobalSection(SolutionConfigurationPlatforms) = preSolution
		Debug|Any CPU = Debug|Any CPU
		Release|Any CPU = Release|Any CPU
	EndGlobalSection
	GlobalSection(ProjectConfigurationPlatforms) = postSolution
		{A53FA70C-D6B7-45C2-AD9E-60F64B6FB3F9}.Debug|Any CPU.ActiveCfg = Debug|Any CPU
		{A53FA70C-D6B7-45C2-AD9E-60F64B6FB3F9}.Debug|Any CPU.Build.0 = Debug|Any CPU
		{A53FA70C-D6B7-45C2-AD9E-60F64B6FB3F9}.Release|Any CPU.ActiveCfg = Release|Any CPU
		{A53FA70C-D6B7-45C2-AD9E-60F64B6FB3F9}.Release|Any CPU.Build.0 = Release|Any CPU
	EndGlobalSection
	GlobalSection(SolutionProperties) = preSolution
		HideSolutionNode = FALSE
	EndGlobalSection
	GlobalSection(ExtensibilityGlobals) = postSolution
		SolutionGuid = {B35C45B3-BAEA-4B7C-85F1-3ECE42A01754}
	EndGlobalSection
EndGlobal
